
Microsoft Visual Studio Solution File, Format Version 12.00
# Visual Studio 15
VisualStudioVersion = 15.0.26730.8
MinimumVisualStudioVersion = 10.0.40219.1
Project("{FAE04EC0-301F-11D3-BF4B-00C04F79EFBC}") = "MapPro", "MapPro\MapPro.csproj", "{EB1AE7C7-3003-48A8-8F25-1766C68B6219}"
EndProject
Global
	GlobalSection(SolutionConfigurationPlatforms) = preSolution
		Debug|Any CPU = Debug|Any CPU
		Release|Any CPU = Release|Any CPU
	EndGlobalSection
	GlobalSection(ProjectConfigurationPlatforms) = postSolution
		{EB1AE7C7-3003-48A8-8F25-1766C68B6219}.Debug|Any CPU.ActiveCfg = Debug|Any CPU
		{EB1AE7C7-3003-48A8-8F25-1766C68B6219}.Debug|Any CPU.Build.0 = Debug|Any CPU
		{EB1AE7C7-3003-48A8-8F25-1766C68B6219}.Release|Any CPU.ActiveCfg = Release|Any CPU
		{EB1AE7C7-3003-48A8-8F25-1766C68B6219}.Release|Any CPU.Build.0 = Release|Any CPU
	EndGlobalSection
	GlobalSection(SolutionProperties) = preSolution
		HideSolutionNode = FALSE
	EndGlobalSection
	GlobalSection(ExtensibilityGlobals) = postSolution
		SolutionGuid = {BE9FF1CF-7673-4E7F-9AB1-9F9B203D0786}
	EndGlobalSection
EndGlobal
